
Microsoft Visual Studio Solution File, Format Version 12.00
# Visual Studio 2012
Project("{FAE04EC0-301F-11D3-BF4B-00C04F79EFBC}") = "GIAF.UI", "GIAF.UI\GIAF.UI.csproj", "{FA16B795-2E2F-42FD-ADC0-83F94C8F9D78}"
EndProject
Project("{FAE04EC0-301F-11D3-BF4B-00C04F79EFBC}") = "GIAF.BLL", "GIAF.BLL\GIAF.BLL.csproj", "{1ADB85C5-0DB7-4EA2-91B6-F9F42CA1BB3C}"
EndProject
Project("{FAE04EC0-301F-11D3-BF4B-00C04F79EFBC}") = "GIAF.DataAccess", "GIAF.DataAccess\GIAF.DataAccess.csproj", "{F8B4B883-29A1-4D2C-973B-EB2257FF7B94}"
EndProject
Project("{FAE04EC0-301F-11D3-BF4B-00C04F79EFBC}") = "GIAF.Entity", "GIAF.Entity\GIAF.Entity.csproj", "{61796D33-0BB1-417F-A6E5-BD18038F79A8}"
EndProject
Project("{FAE04EC0-301F-11D3-BF4B-00C04F79EFBC}") = "GIAF.InfraStructure", "GIAF.InfraStructure\GIAF.InfraStructure.csproj", "{54F898BE-7AA6-4E88-B9EA-C31279157736}"
EndProject
Project("{FAE04EC0-301F-11D3-BF4B-00C04F79EFBC}") = "GIAF.Tests", "GIAF.Tests\GIAF.Tests.csproj", "{78FEC071-A7F0-4D3C-865A-A1313CB456CB}"
EndProject
Project("{FAE04EC0-301F-11D3-BF4B-00C04F79EFBC}") = "GIAF.CommonUtilities", "GIAF.CommonUtilities\GIAF.CommonUtilities.csproj", "{07214530-9EF9-4042-B1A3-DBE592D034C8}"
EndProject
Project("{FAE04EC0-301F-11D3-BF4B-00C04F79EFBC}") = "GIAF.DTOs", "GIAF.DTOs\GIAF.DTOs.csproj", "{C22D791D-5C2B-4232-A486-62D5AEC414D0}"
EndProject
Project("{2150E333-8FDC-42A3-9474-1A3956D46DE8}") = "Service", "Service", "{3976B39E-6B95-4EDD-BC99-5F4E0FCCCDEA}"
EndProject
Project("{FAE04EC0-301F-11D3-BF4B-00C04F79EFBC}") = "GIAF.BLL.Contracts", "GIAF.BLL.Contracts\GIAF.BLL.Contracts.csproj", "{CF606EC4-52B6-43DC-B492-C26AC4597CD4}"
EndProject
Project("{FAE04EC0-301F-11D3-BF4B-00C04F79EFBC}") = "GIAF.BLL.Service.API", "GIAF.BLL.Service.API\GIAF.BLL.Service.API.csproj", "{5CA413C7-5B46-4BEC-BACB-5A259D6C6B5F}"
EndProject
Project("{2150E333-8FDC-42A3-9474-1A3956D46DE8}") = "Data", "Data", "{2C19CB54-FB9D-416E-8033-25EFF43D59AC}"
EndProject
Project("{FAE04EC0-301F-11D3-BF4B-00C04F79EFBC}") = "GIAF.DataAccess.Contracts", "GIAF.DataAccess.Contracts\GIAF.DataAccess.Contracts.csproj", "{10E6B5D8-0F9A-4D30-8435-F001D67BF705}"
EndProject
Project("{FAE04EC0-301F-11D3-BF4B-00C04F79EFBC}") = "GIAF.BLL.Bootsrapper", "GIAF.BLL.Bootsrapper\GIAF.BLL.Bootsrapper.csproj", "{E17C63DA-7CA3-42BE-9CD8-E74E09A041CA}"
EndProject
Global
	GlobalSection(SolutionConfigurationPlatforms) = preSolution
		Debug|Any CPU = Debug|Any CPU
		Release|Any CPU = Release|Any CPU
	EndGlobalSection
	GlobalSection(ProjectConfigurationPlatforms) = postSolution
		{FA16B795-2E2F-42FD-ADC0-83F94C8F9D78}.Debug|Any CPU.ActiveCfg = Debug|Any CPU
		{FA16B795-2E2F-42FD-ADC0-83F94C8F9D78}.Debug|Any CPU.Build.0 = Debug|Any CPU
		{FA16B795-2E2F-42FD-ADC0-83F94C8F9D78}.Release|Any CPU.ActiveCfg = Release|Any CPU
		{FA16B795-2E2F-42FD-ADC0-83F94C8F9D78}.Release|Any CPU.Build.0 = Release|Any CPU
		{1ADB85C5-0DB7-4EA2-91B6-F9F42CA1BB3C}.Debug|Any CPU.ActiveCfg = Debug|Any CPU
		{1ADB85C5-0DB7-4EA2-91B6-F9F42CA1BB3C}.Debug|Any CPU.Build.0 = Debug|Any CPU
		{1ADB85C5-0DB7-4EA2-91B6-F9F42CA1BB3C}.Release|Any CPU.ActiveCfg = Release|Any CPU
		{1ADB85C5-0DB7-4EA2-91B6-F9F42CA1BB3C}.Release|Any CPU.Build.0 = Release|Any CPU
		{F8B4B883-29A1-4D2C-973B-EB2257FF7B94}.Debug|Any CPU.ActiveCfg = Debug|Any CPU
		{F8B4B883-29A1-4D2C-973B-EB2257FF7B94}.Debug|Any CPU.Build.0 = Debug|Any CPU
		{F8B4B883-29A1-4D2C-973B-EB2257FF7B94}.Release|Any CPU.ActiveCfg = Release|Any CPU
		{F8B4B883-29A1-4D2C-973B-EB2257FF7B94}.Release|Any CPU.Build.0 = Release|Any CPU
		{61796D33-0BB1-417F-A6E5-BD18038F79A8}.Debug|Any CPU.ActiveCfg = Debug|Any CPU
		{61796D33-0BB1-417F-A6E5-BD18038F79A8}.Debug|Any CPU.Build.0 = Debug|Any CPU
		{61796D33-0BB1-417F-A6E5-BD18038F79A8}.Release|Any CPU.ActiveCfg = Release|Any CPU
		{61796D33-0BB1-417F-A6E5-BD18038F79A8}.Release|Any CPU.Build.0 = Release|Any CPU
		{54F898BE-7AA6-4E88-B9EA-C31279157736}.Debug|Any CPU.ActiveCfg = Debug|Any CPU
		{54F898BE-7AA6-4E88-B9EA-C31279157736}.Debug|Any CPU.Build.0 = Debug|Any CPU
		{54F898BE-7AA6-4E88-B9EA-C31279157736}.Release|Any CPU.ActiveCfg = Release|Any CPU
		{54F898BE-7AA6-4E88-B9EA-C31279157736}.Release|Any CPU.Build.0 = Release|Any CPU
		{78FEC071-A7F0-4D3C-865A-A1313CB456CB}.Debug|Any CPU.ActiveCfg = Debug|Any CPU
		{78FEC071-A7F0-4D3C-865A-A1313CB456CB}.Debug|Any CPU.Build.0 = Debug|Any CPU
		{78FEC071-A7F0-4D3C-865A-A1313CB456CB}.Release|Any CPU.ActiveCfg = Release|Any CPU
		{78FEC071-A7F0-4D3C-865A-A1313CB456CB}.Release|Any CPU.Build.0 = Release|Any CPU
		{07214530-9EF9-4042-B1A3-DBE592D034C8}.Debug|Any CPU.ActiveCfg = Debug|Any CPU
		{07214530-9EF9-4042-B1A3-DBE592D034C8}.Debug|Any CPU.Build.0 = Debug|Any CPU
		{07214530-9EF9-4042-B1A3-DBE592D034C8}.Release|Any CPU.ActiveCfg = Release|Any CPU
		{07214530-9EF9-4042-B1A3-DBE592D034C8}.Release|Any CPU.Build.0 = Release|Any CPU
		{C22D791D-5C2B-4232-A486-62D5AEC414D0}.Debug|Any CPU.ActiveCfg = Debug|Any CPU
		{C22D791D-5C2B-4232-A486-62D5AEC414D0}.Debug|Any CPU.Build.0 = Debug|Any CPU
		{C22D791D-5C2B-4232-A486-62D5AEC414D0}.Release|Any CPU.ActiveCfg = Release|Any CPU
		{C22D791D-5C2B-4232-A486-62D5AEC414D0}.Release|Any CPU.Build.0 = Release|Any CPU
		{CF606EC4-52B6-43DC-B492-C26AC4597CD4}.Debug|Any CPU.ActiveCfg = Debug|Any CPU
		{CF606EC4-52B6-43DC-B492-C26AC4597CD4}.Debug|Any CPU.Build.0 = Debug|Any CPU
		{CF606EC4-52B6-43DC-B492-C26AC4597CD4}.Release|Any CPU.ActiveCfg = Release|Any CPU
		{CF606EC4-52B6-43DC-B492-C26AC4597CD4}.Release|Any CPU.Build.0 = Release|Any CPU
		{5CA413C7-5B46-4BEC-BACB-5A259D6C6B5F}.Debug|Any CPU.ActiveCfg = Debug|Any CPU
		{5CA413C7-5B46-4BEC-BACB-5A259D6C6B5F}.Debug|Any CPU.Build.0 = Debug|Any CPU
		{5CA413C7-5B46-4BEC-BACB-5A259D6C6B5F}.Release|Any CPU.ActiveCfg = Release|Any CPU
		{5CA413C7-5B46-4BEC-BACB-5A259D6C6B5F}.Release|Any CPU.Build.0 = Release|Any CPU
		{10E6B5D8-0F9A-4D30-8435-F001D67BF705}.Debug|Any CPU.ActiveCfg = Debug|Any CPU
		{10E6B5D8-0F9A-4D30-8435-F001D67BF705}.Debug|Any CPU.Build.0 = Debug|Any CPU
		{10E6B5D8-0F9A-4D30-8435-F001D67BF705}.Release|Any CPU.ActiveCfg = Release|Any CPU
		{10E6B5D8-0F9A-4D30-8435-F001D67BF705}.Release|Any CPU.Build.0 = Release|Any CPU
		{E17C63DA-7CA3-42BE-9CD8-E74E09A041CA}.Debug|Any CPU.ActiveCfg = Debug|Any CPU
		{E17C63DA-7CA3-42BE-9CD8-E74E09A041CA}.Debug|Any CPU.Build.0 = Debug|Any CPU
		{E17C63DA-7CA3-42BE-9CD8-E74E09A041CA}.Release|Any CPU.ActiveCfg = Release|Any CPU
		{E17C63DA-7CA3-42BE-9CD8-E74E09A041CA}.Release|Any CPU.Build.0 = Release|Any CPU
	EndGlobalSection
	GlobalSection(SolutionProperties) = preSolution
		HideSolutionNode = FALSE
	EndGlobalSection
	GlobalSection(NestedProjects) = preSolution
		{1ADB85C5-0DB7-4EA2-91B6-F9F42CA1BB3C} = {3976B39E-6B95-4EDD-BC99-5F4E0FCCCDEA}
		{CF606EC4-52B6-43DC-B492-C26AC4597CD4} = {3976B39E-6B95-4EDD-BC99-5F4E0FCCCDEA}
		{5CA413C7-5B46-4BEC-BACB-5A259D6C6B5F} = {3976B39E-6B95-4EDD-BC99-5F4E0FCCCDEA}
		{E17C63DA-7CA3-42BE-9CD8-E74E09A041CA} = {3976B39E-6B95-4EDD-BC99-5F4E0FCCCDEA}
		{F8B4B883-29A1-4D2C-973B-EB2257FF7B94} = {2C19CB54-FB9D-416E-8033-25EFF43D59AC}
		{10E6B5D8-0F9A-4D30-8435-F001D67BF705} = {2C19CB54-FB9D-416E-8033-25EFF43D59AC}
	EndGlobalSection
EndGlobal
